
Microsoft Visual Studio Solution File, Format Version 12.00
# Visual Studio Version 16
VisualStudioVersion = 16.0.29613.14
MinimumVisualStudioVersion = 10.0.40219.1
Project("{F184B08F-C81C-45F6-A57F-5ABD9991F28F}") = "MathContest3_4_20", "MathContest3_4_20.vbproj", "{D207F531-960F-427D-9702-85A0C5CC1FA6}"
EndProject
Global
	GlobalSection(SolutionConfigurationPlatforms) = preSolution
		Debug|Any CPU = Debug|Any CPU
		Release|Any CPU = Release|Any CPU
	EndGlobalSection
	GlobalSection(ProjectConfigurationPlatforms) = postSolution
		{D207F531-960F-427D-9702-85A0C5CC1FA6}.Debug|Any CPU.ActiveCfg = Debug|Any CPU
		{D207F531-960F-427D-9702-85A0C5CC1FA6}.Debug|Any CPU.Build.0 = Debug|Any CPU
		{D207F531-960F-427D-9702-85A0C5CC1FA6}.Release|Any CPU.ActiveCfg = Release|Any CPU
		{D207F531-960F-427D-9702-85A0C5CC1FA6}.Release|Any CPU.Build.0 = Release|Any CPU
	EndGlobalSection
	GlobalSection(SolutionProperties) = preSolution
		HideSolutionNode = FALSE
	EndGlobalSection
	GlobalSection(ExtensibilityGlobals) = postSolution
		SolutionGuid = {18F0210E-B454-4683-9508-80A913DF3E03}
	EndGlobalSection
EndGlobal
