
Microsoft Visual Studio Solution File, Format Version 12.00
# Visual Studio Version 16
VisualStudioVersion = 16.0.29613.14
MinimumVisualStudioVersion = 10.0.40219.1
Project("{F184B08F-C81C-45F6-A57F-5ABD9991F28F}") = "DinerMenuProgram2_18_20", "DinerMenuProgram2_18_20.vbproj", "{4F9FB3FE-95A8-440B-86AD-9B1193E7D336}"
EndProject
Global
	GlobalSection(SolutionConfigurationPlatforms) = preSolution
		Debug|Any CPU = Debug|Any CPU
		Release|Any CPU = Release|Any CPU
	EndGlobalSection
	GlobalSection(ProjectConfigurationPlatforms) = postSolution
		{4F9FB3FE-95A8-440B-86AD-9B1193E7D336}.Debug|Any CPU.ActiveCfg = Debug|Any CPU
		{4F9FB3FE-95A8-440B-86AD-9B1193E7D336}.Debug|Any CPU.Build.0 = Debug|Any CPU
		{4F9FB3FE-95A8-440B-86AD-9B1193E7D336}.Release|Any CPU.ActiveCfg = Release|Any CPU
		{4F9FB3FE-95A8-440B-86AD-9B1193E7D336}.Release|Any CPU.Build.0 = Release|Any CPU
	EndGlobalSection
	GlobalSection(SolutionProperties) = preSolution
		HideSolutionNode = FALSE
	EndGlobalSection
	GlobalSection(ExtensibilityGlobals) = postSolution
		SolutionGuid = {14173F95-EA8F-4581-ADD6-E69B4A5C5149}
	EndGlobalSection
EndGlobal
