
Microsoft Visual Studio Solution File, Format Version 12.00
# Visual Studio Version 16
VisualStudioVersion = 16.0.29613.14
MinimumVisualStudioVersion = 10.0.40219.1
Project("{F184B08F-C81C-45F6-A57F-5ABD9991F28F}") = "WinFormExample2_7_20", "WinFormExample2_7_20.vbproj", "{2A598DF4-F714-457D-8B95-CAF1B9CD982C}"
EndProject
Global
	GlobalSection(SolutionConfigurationPlatforms) = preSolution
		Debug|Any CPU = Debug|Any CPU
		Release|Any CPU = Release|Any CPU
	EndGlobalSection
	GlobalSection(ProjectConfigurationPlatforms) = postSolution
		{2A598DF4-F714-457D-8B95-CAF1B9CD982C}.Debug|Any CPU.ActiveCfg = Debug|Any CPU
		{2A598DF4-F714-457D-8B95-CAF1B9CD982C}.Debug|Any CPU.Build.0 = Debug|Any CPU
		{2A598DF4-F714-457D-8B95-CAF1B9CD982C}.Release|Any CPU.ActiveCfg = Release|Any CPU
		{2A598DF4-F714-457D-8B95-CAF1B9CD982C}.Release|Any CPU.Build.0 = Release|Any CPU
	EndGlobalSection
	GlobalSection(SolutionProperties) = preSolution
		HideSolutionNode = FALSE
	EndGlobalSection
	GlobalSection(ExtensibilityGlobals) = postSolution
		SolutionGuid = {81FAAA49-CBD7-4BD9-B0EB-2D40C1905A44}
	EndGlobalSection
EndGlobal
