
Microsoft Visual Studio Solution File, Format Version 12.00
# Visual Studio Version 16
VisualStudioVersion = 16.0.29613.14
MinimumVisualStudioVersion = 10.0.40219.1
Project("{F184B08F-C81C-45F6-A57F-5ABD9991F28F}") = "DinerMenu2_21_20", "DinerMenu2_21_20.vbproj", "{40F336FB-DA7A-4503-AA72-6727EF9BCE9D}"
EndProject
Global
	GlobalSection(SolutionConfigurationPlatforms) = preSolution
		Debug|Any CPU = Debug|Any CPU
		Release|Any CPU = Release|Any CPU
	EndGlobalSection
	GlobalSection(ProjectConfigurationPlatforms) = postSolution
		{40F336FB-DA7A-4503-AA72-6727EF9BCE9D}.Debug|Any CPU.ActiveCfg = Debug|Any CPU
		{40F336FB-DA7A-4503-AA72-6727EF9BCE9D}.Debug|Any CPU.Build.0 = Debug|Any CPU
		{40F336FB-DA7A-4503-AA72-6727EF9BCE9D}.Release|Any CPU.ActiveCfg = Release|Any CPU
		{40F336FB-DA7A-4503-AA72-6727EF9BCE9D}.Release|Any CPU.Build.0 = Release|Any CPU
	EndGlobalSection
	GlobalSection(SolutionProperties) = preSolution
		HideSolutionNode = FALSE
	EndGlobalSection
	GlobalSection(ExtensibilityGlobals) = postSolution
		SolutionGuid = {32E843F7-D580-4697-8AF1-013272967AA0}
	EndGlobalSection
EndGlobal
