
Microsoft Visual Studio Solution File, Format Version 12.00
# Visual Studio Version 16
VisualStudioVersion = 16.0.29613.14
MinimumVisualStudioVersion = 10.0.40219.1
Project("{F184B08F-C81C-45F6-A57F-5ABD9991F28F}") = "Etch-A-Sketch4_28_20", "Etch-A-Sketch4_28_20.vbproj", "{E07B70C0-13C2-426F-BB10-0A7524F58697}"
EndProject
Global
	GlobalSection(SolutionConfigurationPlatforms) = preSolution
		Debug|Any CPU = Debug|Any CPU
		Release|Any CPU = Release|Any CPU
	EndGlobalSection
	GlobalSection(ProjectConfigurationPlatforms) = postSolution
		{E07B70C0-13C2-426F-BB10-0A7524F58697}.Debug|Any CPU.ActiveCfg = Debug|Any CPU
		{E07B70C0-13C2-426F-BB10-0A7524F58697}.Debug|Any CPU.Build.0 = Debug|Any CPU
		{E07B70C0-13C2-426F-BB10-0A7524F58697}.Release|Any CPU.ActiveCfg = Release|Any CPU
		{E07B70C0-13C2-426F-BB10-0A7524F58697}.Release|Any CPU.Build.0 = Release|Any CPU
	EndGlobalSection
	GlobalSection(SolutionProperties) = preSolution
		HideSolutionNode = FALSE
	EndGlobalSection
	GlobalSection(ExtensibilityGlobals) = postSolution
		SolutionGuid = {0BBAB1BA-D88E-4265-87E0-860261FB98F4}
	EndGlobalSection
EndGlobal
