
Microsoft Visual Studio Solution File, Format Version 12.00
# Visual Studio Version 16
VisualStudioVersion = 16.0.29613.14
MinimumVisualStudioVersion = 10.0.40219.1
Project("{F184B08F-C81C-45F6-A57F-5ABD9991F28F}") = "GraphicsForm4_9_20", "GraphicsForm4_9_20.vbproj", "{D58D226B-C40C-4EEE-947B-27318273A24F}"
EndProject
Global
	GlobalSection(SolutionConfigurationPlatforms) = preSolution
		Debug|Any CPU = Debug|Any CPU
		Release|Any CPU = Release|Any CPU
	EndGlobalSection
	GlobalSection(ProjectConfigurationPlatforms) = postSolution
		{D58D226B-C40C-4EEE-947B-27318273A24F}.Debug|Any CPU.ActiveCfg = Debug|Any CPU
		{D58D226B-C40C-4EEE-947B-27318273A24F}.Debug|Any CPU.Build.0 = Debug|Any CPU
		{D58D226B-C40C-4EEE-947B-27318273A24F}.Release|Any CPU.ActiveCfg = Release|Any CPU
		{D58D226B-C40C-4EEE-947B-27318273A24F}.Release|Any CPU.Build.0 = Release|Any CPU
	EndGlobalSection
	GlobalSection(SolutionProperties) = preSolution
		HideSolutionNode = FALSE
	EndGlobalSection
	GlobalSection(ExtensibilityGlobals) = postSolution
		SolutionGuid = {111C28DF-5FC5-4B8F-8086-630C6CAB9AE2}
	EndGlobalSection
EndGlobal
